
Microsoft Visual Studio Solution File, Format Version 12.00
# Visual Studio Version 16
VisualStudioVersion = 16.0.32106.194
MinimumVisualStudioVersion = 10.0.40219.1
Project("{FAE04EC0-301F-11D3-BF4B-00C04F79EFBC}") = "AegisLongRangeNavigation", "AegisLongRangeNavigation\AegisLongRangeNavigation.csproj", "{1A97DEB1-EBD6-4E27-B973-642C478AF958}"
EndProject
Global
	GlobalSection(SolutionConfigurationPlatforms) = preSolution
		Debug|Any CPU = Debug|Any CPU
		Release|Any CPU = Release|Any CPU
	EndGlobalSection
	GlobalSection(ProjectConfigurationPlatforms) = postSolution
		{1A97DEB1-EBD6-4E27-B973-642C478AF958}.Debug|Any CPU.ActiveCfg = Debug|Any CPU
		{1A97DEB1-EBD6-4E27-B973-642C478AF958}.Debug|Any CPU.Build.0 = Debug|Any CPU
		{1A97DEB1-EBD6-4E27-B973-642C478AF958}.Release|Any CPU.ActiveCfg = Release|Any CPU
		{1A97DEB1-EBD6-4E27-B973-642C478AF958}.Release|Any CPU.Build.0 = Release|Any CPU
	EndGlobalSection
	GlobalSection(SolutionProperties) = preSolution
		HideSolutionNode = FALSE
	EndGlobalSection
	GlobalSection(ExtensibilityGlobals) = postSolution
		SolutionGuid = {DC8D3CDB-53E7-422B-8FEC-E9405B5DB993}
	EndGlobalSection
EndGlobal
